
Microsoft Visual Studio Solution File, Format Version 12.00
# Visual Studio Version 17
VisualStudioVersion = 17.2.32630.192
MinimumVisualStudioVersion = 10.0.40219.1
Project("{FAE04EC0-301F-11D3-BF4B-00C04F79EFBC}") = "ProyectoCRUD", "ProyectoCRUD.csproj", "{CD9C047A-758B-4DDE-81C7-2BFBE890657C}"
EndProject
Global
	GlobalSection(SolutionConfigurationPlatforms) = preSolution
		Debug|Any CPU = Debug|Any CPU
		Release|Any CPU = Release|Any CPU
	EndGlobalSection
	GlobalSection(ProjectConfigurationPlatforms) = postSolution
		{CD9C047A-758B-4DDE-81C7-2BFBE890657C}.Debug|Any CPU.ActiveCfg = Debug|Any CPU
		{CD9C047A-758B-4DDE-81C7-2BFBE890657C}.Debug|Any CPU.Build.0 = Debug|Any CPU
		{CD9C047A-758B-4DDE-81C7-2BFBE890657C}.Release|Any CPU.ActiveCfg = Release|Any CPU
		{CD9C047A-758B-4DDE-81C7-2BFBE890657C}.Release|Any CPU.Build.0 = Release|Any CPU
	EndGlobalSection
	GlobalSection(SolutionProperties) = preSolution
		HideSolutionNode = FALSE
	EndGlobalSection
	GlobalSection(ExtensibilityGlobals) = postSolution
		SolutionGuid = {AD54B678-FAB0-4337-A5AE-D0C48C23D1A4}
	EndGlobalSection
EndGlobal
